
Microsoft Visual Studio Solution File, Format Version 12.00
# Visual Studio Version 16
VisualStudioVersion = 16.0.29230.47
MinimumVisualStudioVersion = 10.0.40219.1
Project("{FAE04EC0-301F-11D3-BF4B-00C04F79EFBC}") = "CarWeb", "CarWeb\CarWeb.csproj", "{4B26AD75-8E52-48F1-90EC-95382127AD81}"
EndProject
Global
	GlobalSection(SolutionConfigurationPlatforms) = preSolution
		Debug|Any CPU = Debug|Any CPU
		Release|Any CPU = Release|Any CPU
	EndGlobalSection
	GlobalSection(ProjectConfigurationPlatforms) = postSolution
		{4B26AD75-8E52-48F1-90EC-95382127AD81}.Debug|Any CPU.ActiveCfg = Debug|Any CPU
		{4B26AD75-8E52-48F1-90EC-95382127AD81}.Debug|Any CPU.Build.0 = Debug|Any CPU
		{4B26AD75-8E52-48F1-90EC-95382127AD81}.Release|Any CPU.ActiveCfg = Release|Any CPU
		{4B26AD75-8E52-48F1-90EC-95382127AD81}.Release|Any CPU.Build.0 = Release|Any CPU
	EndGlobalSection
	GlobalSection(SolutionProperties) = preSolution
		HideSolutionNode = FALSE
	EndGlobalSection
	GlobalSection(ExtensibilityGlobals) = postSolution
		SolutionGuid = {9D463B24-13F0-401C-910F-5F15ED599E05}
	EndGlobalSection
EndGlobal
