
Microsoft Visual Studio Solution File, Format Version 12.00
# Visual Studio Version 16
VisualStudioVersion = 16.0.29230.47
MinimumVisualStudioVersion = 10.0.40219.1
Project("{FAE04EC0-301F-11D3-BF4B-00C04F79EFBC}") = "CoreMvc", "CoreMvc\CoreMvc.csproj", "{4CE141C6-478D-4CFA-9401-407C1B65893E}"
EndProject
Global
	GlobalSection(SolutionConfigurationPlatforms) = preSolution
		Debug|Any CPU = Debug|Any CPU
		Release|Any CPU = Release|Any CPU
	EndGlobalSection
	GlobalSection(ProjectConfigurationPlatforms) = postSolution
		{4CE141C6-478D-4CFA-9401-407C1B65893E}.Debug|Any CPU.ActiveCfg = Debug|Any CPU
		{4CE141C6-478D-4CFA-9401-407C1B65893E}.Debug|Any CPU.Build.0 = Debug|Any CPU
		{4CE141C6-478D-4CFA-9401-407C1B65893E}.Release|Any CPU.ActiveCfg = Release|Any CPU
		{4CE141C6-478D-4CFA-9401-407C1B65893E}.Release|Any CPU.Build.0 = Release|Any CPU
	EndGlobalSection
	GlobalSection(SolutionProperties) = preSolution
		HideSolutionNode = FALSE
	EndGlobalSection
	GlobalSection(ExtensibilityGlobals) = postSolution
		SolutionGuid = {8BF03A56-9686-4EAA-885F-B493E927810B}
	EndGlobalSection
EndGlobal
